
Microsoft Visual Studio Solution File, Format Version 12.00
# Visual Studio Version 17
VisualStudioVersion = 17.2.32210.308
MinimumVisualStudioVersion = 10.0.40219.1
Project("{FAE04EC0-301F-11D3-BF4B-00C04F79EFBC}") = "BinaryTree", "BinaryTree\BinaryTree.csproj", "{BF134FAA-CDDD-4AF3-A79B-9D1415E50ADC}"
EndProject
Project("{FAE04EC0-301F-11D3-BF4B-00C04F79EFBC}") = "ConsoleApp1", "ConsoleApp1\ConsoleApp1.csproj", "{37C248F9-8F5F-458F-91BC-CD6D1FDD3319}"
EndProject
Global
	GlobalSection(SolutionConfigurationPlatforms) = preSolution
		Debug|Any CPU = Debug|Any CPU
		Release|Any CPU = Release|Any CPU
	EndGlobalSection
	GlobalSection(ProjectConfigurationPlatforms) = postSolution
		{BF134FAA-CDDD-4AF3-A79B-9D1415E50ADC}.Debug|Any CPU.ActiveCfg = Debug|Any CPU
		{BF134FAA-CDDD-4AF3-A79B-9D1415E50ADC}.Debug|Any CPU.Build.0 = Debug|Any CPU
		{BF134FAA-CDDD-4AF3-A79B-9D1415E50ADC}.Release|Any CPU.ActiveCfg = Release|Any CPU
		{BF134FAA-CDDD-4AF3-A79B-9D1415E50ADC}.Release|Any CPU.Build.0 = Release|Any CPU
		{37C248F9-8F5F-458F-91BC-CD6D1FDD3319}.Debug|Any CPU.ActiveCfg = Debug|Any CPU
		{37C248F9-8F5F-458F-91BC-CD6D1FDD3319}.Debug|Any CPU.Build.0 = Debug|Any CPU
		{37C248F9-8F5F-458F-91BC-CD6D1FDD3319}.Release|Any CPU.ActiveCfg = Release|Any CPU
		{37C248F9-8F5F-458F-91BC-CD6D1FDD3319}.Release|Any CPU.Build.0 = Release|Any CPU
	EndGlobalSection
	GlobalSection(SolutionProperties) = preSolution
		HideSolutionNode = FALSE
	EndGlobalSection
	GlobalSection(ExtensibilityGlobals) = postSolution
		SolutionGuid = {B1F7D864-402E-47AB-A48F-DEBF7A5258C2}
	EndGlobalSection
EndGlobal
