
Microsoft Visual Studio Solution File, Format Version 12.00
# Visual Studio Version 17
VisualStudioVersion = 17.2.32210.308
MinimumVisualStudioVersion = 10.0.40219.1
Project("{FAE04EC0-301F-11D3-BF4B-00C04F79EFBC}") = "FIrstWindowsFormsApplication", "FIrstWindowsFormsApplication\FIrstWindowsFormsApplication.csproj", "{21DD1468-C81B-47D8-AA8C-C06B737DC433}"
EndProject
Global
	GlobalSection(SolutionConfigurationPlatforms) = preSolution
		Debug|Any CPU = Debug|Any CPU
		Release|Any CPU = Release|Any CPU
	EndGlobalSection
	GlobalSection(ProjectConfigurationPlatforms) = postSolution
		{21DD1468-C81B-47D8-AA8C-C06B737DC433}.Debug|Any CPU.ActiveCfg = Debug|Any CPU
		{21DD1468-C81B-47D8-AA8C-C06B737DC433}.Debug|Any CPU.Build.0 = Debug|Any CPU
		{21DD1468-C81B-47D8-AA8C-C06B737DC433}.Release|Any CPU.ActiveCfg = Release|Any CPU
		{21DD1468-C81B-47D8-AA8C-C06B737DC433}.Release|Any CPU.Build.0 = Release|Any CPU
	EndGlobalSection
	GlobalSection(SolutionProperties) = preSolution
		HideSolutionNode = FALSE
	EndGlobalSection
	GlobalSection(ExtensibilityGlobals) = postSolution
		SolutionGuid = {5612CB2A-706B-4302-9BCB-C3DED315C4E6}
	EndGlobalSection
EndGlobal
